
Microsoft Visual Studio Solution File, Format Version 12.00
# Visual Studio Version 17
VisualStudioVersion = 17.4.33213.308
MinimumVisualStudioVersion = 10.0.40219.1
Project("{FAE04EC0-301F-11D3-BF4B-00C04F79EFBC}") = "GraPróba3", "GraPróba3\GraPróba3.csproj", "{2B95A10F-3072-4F18-9CCD-1842568768CB}"
EndProject
Global
	GlobalSection(SolutionConfigurationPlatforms) = preSolution
		Debug|Any CPU = Debug|Any CPU
		Release|Any CPU = Release|Any CPU
	EndGlobalSection
	GlobalSection(ProjectConfigurationPlatforms) = postSolution
		{2B95A10F-3072-4F18-9CCD-1842568768CB}.Debug|Any CPU.ActiveCfg = Debug|Any CPU
		{2B95A10F-3072-4F18-9CCD-1842568768CB}.Debug|Any CPU.Build.0 = Debug|Any CPU
		{2B95A10F-3072-4F18-9CCD-1842568768CB}.Release|Any CPU.ActiveCfg = Release|Any CPU
		{2B95A10F-3072-4F18-9CCD-1842568768CB}.Release|Any CPU.Build.0 = Release|Any CPU
	EndGlobalSection
	GlobalSection(SolutionProperties) = preSolution
		HideSolutionNode = FALSE
	EndGlobalSection
	GlobalSection(ExtensibilityGlobals) = postSolution
		SolutionGuid = {B0589ACC-5F38-4CEA-849E-130038DA14B9}
	EndGlobalSection
EndGlobal
